
Microsoft Visual Studio Solution File, Format Version 12.00
# Visual Studio Version 16
VisualStudioVersion = 16.0.31229.75
MinimumVisualStudioVersion = 10.0.40219.1
Project("{9A19103F-16F7-4668-BE54-9A1E7A4F7556}") = "Money", "money\Money.csproj", "{11EDF872-A04D-4F75-A1BF-71168DC86AF3}"
EndProject
Project("{9A19103F-16F7-4668-BE54-9A1E7A4F7556}") = "AssertSyntax", "syntax\AssertSyntax.csproj", "{06F46FA2-687B-4B46-A912-C1B0B4CC1B20}"
EndProject
Project("{9A19103F-16F7-4668-BE54-9A1E7A4F7556}") = "DataDrivenTests", "DataDrivenTests\DataDrivenTests.csproj", "{FBBC6F15-E718-4080-832C-9D1F4B7A352A}"
EndProject
Project("{9A19103F-16F7-4668-BE54-9A1E7A4F7556}") = "Demo", "Demo\Demo.csproj", "{8B42F0C9-2159-40B9-BD65-89DF6C9B991A}"
EndProject
Project("{2150E333-8FDC-42A3-9474-1A3956D46DE8}") = "Samples", "Samples", "{FECC1B7E-2A7A-469B-AF5D-80BC7B7D49FD}"
EndProject
Project("{9A19103F-16F7-4668-BE54-9A1E7A4F7556}") = "TryItYourself", "TryItYourself\TryItYourself.csproj", "{7C2E0566-9179-473D-B7EF-C21FEDF78DB8}"
EndProject
Global
	GlobalSection(SolutionConfigurationPlatforms) = preSolution
		Debug|Any CPU = Debug|Any CPU
		Release|Any CPU = Release|Any CPU
	EndGlobalSection
	GlobalSection(ProjectConfigurationPlatforms) = postSolution
		{11EDF872-A04D-4F75-A1BF-71168DC86AF3}.Debug|Any CPU.ActiveCfg = Debug|Any CPU
		{11EDF872-A04D-4F75-A1BF-71168DC86AF3}.Debug|Any CPU.Build.0 = Debug|Any CPU
		{11EDF872-A04D-4F75-A1BF-71168DC86AF3}.Release|Any CPU.ActiveCfg = Release|Any CPU
		{11EDF872-A04D-4F75-A1BF-71168DC86AF3}.Release|Any CPU.Build.0 = Release|Any CPU
		{06F46FA2-687B-4B46-A912-C1B0B4CC1B20}.Debug|Any CPU.ActiveCfg = Debug|Any CPU
		{06F46FA2-687B-4B46-A912-C1B0B4CC1B20}.Debug|Any CPU.Build.0 = Debug|Any CPU
		{06F46FA2-687B-4B46-A912-C1B0B4CC1B20}.Release|Any CPU.ActiveCfg = Release|Any CPU
		{06F46FA2-687B-4B46-A912-C1B0B4CC1B20}.Release|Any CPU.Build.0 = Release|Any CPU
		{FBBC6F15-E718-4080-832C-9D1F4B7A352A}.Debug|Any CPU.ActiveCfg = Debug|Any CPU
		{FBBC6F15-E718-4080-832C-9D1F4B7A352A}.Debug|Any CPU.Build.0 = Debug|Any CPU
		{FBBC6F15-E718-4080-832C-9D1F4B7A352A}.Release|Any CPU.ActiveCfg = Release|Any CPU
		{FBBC6F15-E718-4080-832C-9D1F4B7A352A}.Release|Any CPU.Build.0 = Release|Any CPU
		{8B42F0C9-2159-40B9-BD65-89DF6C9B991A}.Debug|Any CPU.ActiveCfg = Debug|Any CPU
		{8B42F0C9-2159-40B9-BD65-89DF6C9B991A}.Debug|Any CPU.Build.0 = Debug|Any CPU
		{8B42F0C9-2159-40B9-BD65-89DF6C9B991A}.Release|Any CPU.ActiveCfg = Release|Any CPU
		{8B42F0C9-2159-40B9-BD65-89DF6C9B991A}.Release|Any CPU.Build.0 = Release|Any CPU
		{7C2E0566-9179-473D-B7EF-C21FEDF78DB8}.Debug|Any CPU.ActiveCfg = Debug|Any CPU
		{7C2E0566-9179-473D-B7EF-C21FEDF78DB8}.Debug|Any CPU.Build.0 = Debug|Any CPU
		{7C2E0566-9179-473D-B7EF-C21FEDF78DB8}.Release|Any CPU.ActiveCfg = Release|Any CPU
		{7C2E0566-9179-473D-B7EF-C21FEDF78DB8}.Release|Any CPU.Build.0 = Release|Any CPU
	EndGlobalSection
	GlobalSection(SolutionProperties) = preSolution
		HideSolutionNode = FALSE
	EndGlobalSection
	GlobalSection(NestedProjects) = preSolution
		{11EDF872-A04D-4F75-A1BF-71168DC86AF3} = {FECC1B7E-2A7A-469B-AF5D-80BC7B7D49FD}
		{06F46FA2-687B-4B46-A912-C1B0B4CC1B20} = {FECC1B7E-2A7A-469B-AF5D-80BC7B7D49FD}
		{FBBC6F15-E718-4080-832C-9D1F4B7A352A} = {FECC1B7E-2A7A-469B-AF5D-80BC7B7D49FD}
	EndGlobalSection
	GlobalSection(ExtensibilityGlobals) = postSolution
		SolutionGuid = {381F12E7-0FE3-4A81-8427-2BA14C454821}
	EndGlobalSection
EndGlobal
